{
  "requires": true,
  "lockfileVersion": 1,
  "dependencies": {
    "@sweetalert2/theme-bootstrap-4": {
      "version": "4.0.2",
      "resolved": "https://registry.npmjs.org/@sweetalert2/theme-bootstrap-4/-/theme-bootstrap-4-4.0.2.tgz",
      "integrity": "sha512-pM01eH46J2NfLq8Wz5RuClMdQfthXqARLxd3We4cPVhamVapzmHWirLQvp4WJEq03qE9BFu+hRKGrojQfZ5cnA=="
    },
    "sweetalert2": {
      "version": "10.13.3",
      "resolved": "https://registry.npmjs.org/sweetalert2/-/sweetalert2-10.13.3.tgz",
      "integrity": "sha512-kSvTkXvc59+vPf9CfZ/wc/uvFkccxoOMLK1aUibN0mXU4hbYg/NylBTlmfvuUjJQ5SWL3X6s8w7AG5croH8U1w=="
    }
  }
}
